[[package]]
name = "bytecount"
version = "0.2.0"
source = "registry+https://github.com/rust-lang/crates.io-index"

[[package]]
name = "nix-rust"
version = "0.1.0"
dependencies = [
 "bytecount 0.2.0 (registry+https://github.com/rust-lang/crates.io-index)",
]

[metadata]
"checksum bytecount 0.2.0 (registry+https://github.com/rust-lang/crates.io-index)" = "af27422163679dea46a1a7239dffff64d3dcdc3ba5fe9c49c789fbfe0eb949de"
